
Microsoft Visual Studio Solution File, Format Version 12.00
# Visual Studio Version 17
VisualStudioVersion = 17.5.002.0
MinimumVisualStudioVersion = 10.0.40219.1
Project("{9A19103F-16F7-4668-BE54-9A1E7A4F7556}") = "LHPet", "LHPet.csproj", "{D321E911-195C-4D9D-9013-67F4F38CC84A}"
EndProject
Global
	GlobalSection(SolutionConfigurationPlatforms) = preSolution
		Debug|Any CPU = Debug|Any CPU
		Release|Any CPU = Release|Any CPU
	EndGlobalSection
	GlobalSection(ProjectConfigurationPlatforms) = postSolution
		{D321E911-195C-4D9D-9013-67F4F38CC84A}.Debug|Any CPU.ActiveCfg = Debug|Any CPU
		{D321E911-195C-4D9D-9013-67F4F38CC84A}.Debug|Any CPU.Build.0 = Debug|Any CPU
		{D321E911-195C-4D9D-9013-67F4F38CC84A}.Release|Any CPU.ActiveCfg = Release|Any CPU
		{D321E911-195C-4D9D-9013-67F4F38CC84A}.Release|Any CPU.Build.0 = Release|Any CPU
	EndGlobalSection
	GlobalSection(SolutionProperties) = preSolution
		HideSolutionNode = FALSE
	EndGlobalSection
	GlobalSection(ExtensibilityGlobals) = postSolution
		SolutionGuid = {6970153E-9D15-4C4D-8720-7F36ABED26EB}
	EndGlobalSection
EndGlobal
